
Microsoft Visual Studio Solution File, Format Version 12.00
# Visual Studio Version 17
VisualStudioVersion = 17.8.34525.116
MinimumVisualStudioVersion = 10.0.40219.1
Project("{FAE04EC0-301F-11D3-BF4B-00C04F79EFBC}") = "MvcCoreCryptography", "MvcCoreCryptography\MvcCoreCryptography.csproj", "{0CDF579F-CD25-49DE-AD8B-97178F12685D}"
EndProject
Global
	GlobalSection(SolutionConfigurationPlatforms) = preSolution
		Debug|Any CPU = Debug|Any CPU
		Release|Any CPU = Release|Any CPU
	EndGlobalSection
	GlobalSection(ProjectConfigurationPlatforms) = postSolution
		{0CDF579F-CD25-49DE-AD8B-97178F12685D}.Debug|Any CPU.ActiveCfg = Debug|Any CPU
		{0CDF579F-CD25-49DE-AD8B-97178F12685D}.Debug|Any CPU.Build.0 = Debug|Any CPU
		{0CDF579F-CD25-49DE-AD8B-97178F12685D}.Release|Any CPU.ActiveCfg = Release|Any CPU
		{0CDF579F-CD25-49DE-AD8B-97178F12685D}.Release|Any CPU.Build.0 = Release|Any CPU
	EndGlobalSection
	GlobalSection(SolutionProperties) = preSolution
		HideSolutionNode = FALSE
	EndGlobalSection
	GlobalSection(ExtensibilityGlobals) = postSolution
		SolutionGuid = {14F04DE2-CCF0-4684-90CA-B4865487457E}
	EndGlobalSection
EndGlobal
